// !$*UTF8*$!
{
	archiveVersion = 1;
	classes = {
	};
	objectVersion = 46;
	objects = {

/* Begin PBXBuildFile section */
		FB0192CB1A16270A00376745 /* AppDelegate.swift in Sources */ = {isa = PBXBuildFile; fileRef = FB0192CA1A16270A00376745 /* AppDelegate.swift */; };
		FB0192CD1A16270A00376745 /* ViewController.swift in Sources */ = {isa = PBXBuildFile; fileRef = FB0192CC1A16270A00376745 /* ViewController.swift */; };
		FB0192D01A16270A00376745 /* Main.storyboard in Resources */ = {isa = PBXBuildFile; fileRef = FB0192CE1A16270A00376745 /* Main.storyboard */; };
		FB0192D21A16270A00376745 /* Images.xcassets in Resources */ = {isa = PBXBuildFile; fileRef = FB0192D11A16270A00376745 /* Images.xcassets */; };
		FB0192D51A16270A00376745 /* LaunchScreen.xib in Resources */ = {isa = PBXBuildFile; fileRef = FB0192D31A16270A00376745 /* LaunchScreen.xib */; };
		FB0192E11A16270A00376745 /* _9RedBalloonsTests.swift in Sources */ = {isa = PBXBuildFile; fileRef = FB0192E01A16270A00376745 /* _9RedBalloonsTests.swift */; };
		FB0192F01A16276E00376745 /* BerlinTVTower.jpg in Resources */ = {isa = PBXBuildFile; fileRef = FB0192EB1A16276E00376745 /* BerlinTVTower.jpg */; };
		FB0192F11A16276E00376745 /* RedBalloon1.jpg in Resources */ = {isa = PBXBuildFile; fileRef = FB0192EC1A16276E00376745 /* RedBalloon1.jpg */; };
		FB0192F21A16276E00376745 /* RedBalloon2.jpg in Resources */ = {isa = PBXBuildFile; fileRef = FB0192ED1A16276E00376745 /* RedBalloon2.jpg */; };
		FB0192F31A16276E00376745 /* RedBalloon3.jpg in Resources */ = {isa = PBXBuildFile; fileRef = FB0192EE1A16276E00376745 /* RedBalloon3.jpg */; };
		FB0192F41A16276E00376745 /* RedBalloon4.jpg in Resources */ = {isa = PBXBuildFile; fileRef = FB0192EF1A16276E00376745 /* RedBalloon4.jpg */; };
		FB0192F61A1629BE00376745 /* Balloon.swift in Sources */ = {isa = PBXBuildFile; fileRef = FB0192F51A1629BE00376745 /* Balloon.swift */; };
/* End PBXBuildFile section */

/* Begin PBXContainerItemProxy section */
		FB0192DB1A16270A00376745 /* PBXContainerItemProxy */ = {
			isa = PBXContainerItemProxy;
			containerPortal = FB0192BD1A16270A00376745 /* Project object */;
			proxyType = 1;
			remoteGlobalIDString = FB0192C41A16270A00376745;
			remoteInfo = 99RedBalloons;
		};
/* End PBXContainerItemProxy section */

/* Begin PBXFileReference section */
		FB0192C51A16270A00376745 /* 99RedBalloons.app */ = {isa = PBXFileReference; explicitFileType = wrapper.application; includeInIndex = 0; path = 99RedBalloons.app; sourceTree = BUILT_PRODUCTS_DIR; };
		FB0192C91A16270A00376745 /* Info.plist */ = {isa = PBXFileReference; lastKnownFileType = text.plist.xml; path = Info.plist; sourceTree = "<group>"; };
		FB0192CA1A16270A00376745 /* AppDelegate.swift */ = {isa = PBXFileReference; lastKnownFileType = sourcecode.swift; path = AppDelegate.swift; sourceTree = "<group>"; };
		FB0192CC1A16270A00376745 /* ViewController.swift */ = {isa = PBXFileReference; lastKnownFileType = sourcecode.swift; path = ViewController.swift; sourceTree = "<group>"; };
		FB0192CF1A16270A00376745 /* Base */ = {isa = PBXFileReference; lastKnownFileType = file.storyboard; name = Base; path = Base.lproj/Main.storyboard; sourceTree = "<group>"; };
		FB0192D11A16270A00376745 /* Images.xcassets */ = {isa = PBXFileReference; lastKnownFileType = folder.assetcatalog; path = Images.xcassets; sourceTree = "<group>"; };
		FB0192D41A16270A00376745 /* Base */ = {isa = PBXFileReference; lastKnownFileType = file.xib; name = Base; path = Base.lproj/LaunchScreen.xib; sourceTree = "<group>"; };
		FB0192DA1A16270A00376745 /* 99RedBalloonsTests.xctest */ = {isa = PBXFileReference; explicitFileType = wrapper.cfbundle; includeInIndex = 0; path = 99RedBalloonsTests.xctest; sourceTree = BUILT_PRODUCTS_DIR; };
		FB0192DF1A16270A00376745 /* Info.plist */ = {isa = PBXFileReference; lastKnownFileType = text.plist.xml; path = Info.plist; sourceTree = "<group>"; };
		FB0192E01A16270A00376745 /* _9RedBalloonsTests.swift */ = {isa = PBXFileReference; lastKnownFileType = sourcecode.swift; path = _9RedBalloonsTests.swift; sourceTree = "<group>"; };
		FB0192EB1A16276E00376745 /* BerlinTVTower.jpg */ = {isa = PBXFileReference; lastKnownFileType = image.jpeg; path = BerlinTVTower.jpg; sourceTree = "<group>"; };
		FB0192EC1A16276E00376745 /* RedBalloon1.jpg */ = {isa = PBXFileReference; lastKnownFileType = image.jpeg; path = RedBalloon1.jpg; sourceTree = "<group>"; };
		FB0192ED1A16276E00376745 /* RedBalloon2.jpg */ = {isa = PBXFileReference; lastKnownFileType = image.jpeg; path = RedBalloon2.jpg; sourceTree = "<group>"; };
		FB0192EE1A16276E00376745 /* RedBalloon3.jpg */ = {isa = PBXFileReference; lastKnownFileType = image.jpeg; path = RedBalloon3.jpg; sourceTree = "<group>"; };
		FB0192EF1A16276E00376745 /* RedBalloon4.jpg */ = {isa = PBXFileReference; lastKnownFileType = image.jpeg; path = RedBalloon4.jpg; sourceTree = "<group>"; };
		FB0192F51A1629BE00376745 /* Balloon.swift */ = {isa = PBXFileReference; fileEncoding = 4; lastKnownFileType = sourcecode.swift; path = Balloon.swift; sourceTree = "<group>"; };
/* End PBXFileReference section */

/* Begin PBXFrameworksBuildPhase section */
		FB0192C21A16270A00376745 /* Frameworks */ = {
			isa = PBXFrameworksBuildPhase;
			buildActionMask = 2147483647;
			files = (
			);
			runOnlyForDeploymentPostprocessing = 0;
		};
		FB0192D71A16270A00376745 /* Frameworks */ = {
			isa = PBXFrameworksBuildPhase;
			buildActionMask = 2147483647;
			files = (
			);
			runOnlyForDeploymentPostprocessing = 0;
		};
/* End PBXFrameworksBuildPhase section */

/* Begin PBXGroup section */
		FB0192BC1A16270A00376745 = {
			isa = PBXGroup;
			children = (
				FB0192C71A16270A00376745 /* 99RedBalloons */,
				FB0192DD1A16270A00376745 /* 99RedBalloonsTests */,
				FB0192C61A16270A00376745 /* Products */,
			);
			sourceTree = "<group>";
		};
		FB0192C61A16270A00376745 /* Products */ = {
			isa = PBXGroup;
			children = (
				FB0192C51A16270A00376745 /* 99RedBalloons.app */,
				FB0192DA1A16270A00376745 /* 99RedBalloonsTests.xctest */,
			);
			name = Products;
			sourceTree = "<group>";
		};
		FB0192C71A16270A00376745 /* 99RedBalloons */ = {
			isa = PBXGroup;
			children = (
				FB0192CA1A16270A00376745 /* AppDelegate.swift */,
				FB0192CC1A16270A00376745 /* ViewController.swift */,
				FB0192F51A1629BE00376745 /* Balloon.swift */,
				FB0192CE1A16270A00376745 /* Main.storyboard */,
				FB0192D11A16270A00376745 /* Images.xcassets */,
				FB0192D31A16270A00376745 /* LaunchScreen.xib */,
				FB0192C81A16270A00376745 /* Supporting Files */,
			);
			path = 99RedBalloons;
			sourceTree = "<group>";
		};
		FB0192C81A16270A00376745 /* Supporting Files */ = {
			isa = PBXGroup;
			children = (
				FB0192EA1A16276E00376745 /* 99RedBalloonsAssets */,
				FB0192C91A16270A00376745 /* Info.plist */,
			);
			name = "Supporting Files";
			sourceTree = "<group>";
		};
		FB0192DD1A16270A00376745 /* 99RedBalloonsTests */ = {
			isa = PBXGroup;
			children = (
				FB0192E01A16270A00376745 /* _9RedBalloonsTests.swift */,
				FB0192DE1A16270A00376745 /* Supporting Files */,
			);
			path = 99RedBalloonsTests;
			sourceTree = "<group>";
		};
		FB0192DE1A16270A00376745 /* Supporting Files */ = {
			isa = PBXGroup;
			children = (
				FB0192DF1A16270A00376745 /* Info.plist */,
			);
			name = "Supporting Files";
			sourceTree = "<group>";
		};
		FB0192EA1A16276E00376745 /* 99RedBalloonsAssets */ = {
			isa = PBXGroup;
			children = (
				FB0192EB1A16276E00376745 /* BerlinTVTower.jpg */,
				FB0192EC1A16276E00376745 /* RedBalloon1.jpg */,
				FB0192ED1A16276E00376745 /* RedBalloon2.jpg */,
				FB0192EE1A16276E00376745 /* RedBalloon3.jpg */,
				FB0192EF1A16276E00376745 /* RedBalloon4.jpg */,
			);
			path = 99RedBalloonsAssets;
			sourceTree = "<group>";
		};
/* End PBXGroup section */

/* Begin PBXNativeTarget section */
		FB0192C41A16270A00376745 /* 99RedBalloons */ = {
			isa = PBXNativeTarget;
			buildConfigurationList = FB0192E41A16270A00376745 /* Build configuration list for PBXNativeTarget "99RedBalloons" */;
			buildPhases = (
				FB0192C11A16270A00376745 /* Sources */,
				FB0192C21A16270A00376745 /* Frameworks */,
				FB0192C31A16270A00376745 /* Resources */,
			);
			buildRules = (
			);
			dependencies = (
			);
			name = 99RedBalloons;
			productName = 99RedBalloons;
			productReference = FB0192C51A16270A00376745 /* 99RedBalloons.app */;
			productType = "com.apple.product-type.application";
		};
		FB0192D91A16270A00376745 /* 99RedBalloonsTests */ = {
			isa = PBXNativeTarget;
			buildConfigurationList = FB0192E71A16270A00376745 /* Build configuration list for PBXNativeTarget "99RedBalloonsTests" */;
			buildPhases = (
				FB0192D61A16270A00376745 /* Sources */,
				FB0192D71A16270A00376745 /* Frameworks */,
				FB0192D81A16270A00376745 /* Resources */,
			);
			buildRules = (
			);
			dependencies = (
				FB0192DC1A16270A00376745 /* PBXTargetDependency */,
			);
			name = 99RedBalloonsTests;
			productName = 99RedBalloonsTests;
			productReference = FB0192DA1A16270A00376745 /* 99RedBalloonsTests.xctest */;
			productType = "com.apple.product-type.bundle.unit-test";
		};
/* End PBXNativeTarget section */

/* Begin PBXProject section */
		FB0192BD1A16270A00376745 /* Project object */ = {
			isa = PBXProject;
			attributes = {
				LastUpgradeCheck = 0610;
				ORGANIZATIONNAME = "Hongsun Yoon, M.D.";
				TargetAttributes = {
					FB0192C41A16270A00376745 = {
						CreatedOnToolsVersion = 6.1;
					};
					FB0192D91A16270A00376745 = {
						CreatedOnToolsVersion = 6.1;
						TestTargetID = FB0192C41A16270A00376745;
					};
				};
			};
			buildConfigurationList = FB0192C01A16270A00376745 /* Build configuration list for PBXProject "99RedBalloons" */;
			compatibilityVersion = "Xcode 3.2";
			developmentRegion = English;
			hasScannedForEncodings = 0;
			knownRegions = (
				en,
				Base,
			);
			mainGroup = FB0192BC1A16270A00376745;
			productRefGroup = FB0192C61A16270A00376745 /* Products */;
			projectDirPath = "";
			projectRoot = "";
			targets = (
				FB0192C41A16270A00376745 /* 99RedBalloons */,
				FB0192D91A16270A00376745 /* 99RedBalloonsTests */,
			);
		};
/* End PBXProject section */

/* Begin PBXResourcesBuildPhase section */
		FB0192C31A16270A00376745 /* Resources */ = {
			isa = PBXResourcesBuildPhase;
			buildActionMask = 2147483647;
			files = (
				FB0192F21A16276E00376745 /* RedBalloon2.jpg in Resources */,
				FB0192D01A16270A00376745 /* Main.storyboard in Resources */,
				FB0192F31A16276E00376745 /* RedBalloon3.jpg in Resources */,
				FB0192D51A16270A00376745 /* LaunchScreen.xib in Resources */,
				FB0192F41A16276E00376745 /* RedBalloon4.jpg in Resources */,
				FB0192D21A16270A00376745 /* Images.xcassets in Resources */,
				FB0192F11A16276E00376745 /* RedBalloon1.jpg in Resources */,
				FB0192F01A16276E00376745 /* BerlinTVTower.jpg in Resources */,
			);
			runOnlyForDeploymentPostprocessing = 0;
		};
		FB0192D81A16270A00376745 /* Resources */ = {
			isa = PBXResourcesBuildPhase;
			buildActionMask = 2147483647;
			files = (
			);
			runOnlyForDeploymentPostprocessing = 0;
		};
/* End PBXResourcesBuildPhase section */

/* Begin PBXSourcesBuildPhase section */
		FB0192C11A16270A00376745 /* Sources */ = {
			isa = PBXSourcesBuildPhase;
			buildActionMask = 2147483647;
			files = (
				FB0192CD1A16270A00376745 /* ViewController.swift in Sources */,
				FB0192F61A1629BE00376745 /* Balloon.swift in Sources */,
				FB0192CB1A16270A00376745 /* AppDelegate.swift in Sources */,
			);
			runOnlyForDeploymentPostprocessing = 0;
		};
		FB0192D61A16270A00376745 /* Sources */ = {
			isa = PBXSourcesBuildPhase;
			buildActionMask = 2147483647;
			files = (
				FB0192E11A16270A00376745 /* _9RedBalloonsTests.swift in Sources */,
			);
			runOnlyForDeploymentPostprocessing = 0;
		};
/* End PBXSourcesBuildPhase section */

/* Begin PBXTargetDependency section */
		FB0192DC1A16270A00376745 /* PBXTargetDependency */ = {
			isa = PBXTargetDependency;
			target = FB0192C41A16270A00376745 /* 99RedBalloons */;
			targetProxy = FB0192DB1A16270A00376745 /* PBXContainerItemProxy */;
		};
/* End PBXTargetDependency section */

/* Begin PBXVariantGroup section */
		FB0192CE1A16270A00376745 /* Main.storyboard */ = {
			isa = PBXVariantGroup;
			children = (
				FB0192CF1A16270A00376745 /* Base */,
			);
			name = Main.storyboard;
			sourceTree = "<group>";
		};
		FB0192D31A16270A00376745 /* LaunchScreen.xib */ = {
			isa = PBXVariantGroup;
			children = (
				FB0192D41A16270A00376745 /* Base */,
			);
			name = LaunchScreen.xib;
			sourceTree = "<group>";
		};
/* End PBXVariantGroup section */

/* Begin XCBuildConfiguration section */
		FB0192E21A16270A00376745 /* Debug */ = {
			isa = XCBuildConfiguration;
			buildSettings = {
				ALWAYS_SEARCH_USER_PATHS = NO;
				CLANG_CXX_LANGUAGE_STANDARD = "gnu++0x";
				CLANG_CXX_LIBRARY = "libc++";
				CLANG_ENABLE_MODULES = YES;
				CLANG_ENABLE_OBJC_ARC = YES;
				CLANG_WARN_BOOL_CONVERSION = YES;
				CLANG_WARN_CONSTANT_CONVERSION = YES;
				CLANG_WARN_DIRECT_OBJC_ISA_USAGE = YES_ERROR;
				CLANG_WARN_EMPTY_BODY = YES;
				CLANG_WARN_ENUM_CONVERSION = YES;
				CLANG_WARN_INT_CONVERSION = YES;
				CLANG_WARN_OBJC_ROOT_CLASS = YES_ERROR;
				CLANG_WARN_UNREACHABLE_CODE = YES;
				CLANG_WARN__DUPLICATE_METHOD_MATCH = YES;
				"CODE_SIGN_IDENTITY[sdk=iphoneos*]" = "iPhone Developer";
				COPY_PHASE_STRIP = NO;
				ENABLE_STRICT_OBJC_MSGSEND = YES;
				GCC_C_LANGUAGE_STANDARD = gnu99;
				GCC_DYNAMIC_NO_PIC = NO;
				GCC_OPTIMIZATION_LEVEL = 0;
				GCC_PREPROCESSOR_DEFINITIONS = (
					"DEBUG=1",
					"$(inherited)",
				);
				GCC_SYMBOLS_PRIVATE_EXTERN = NO;
				GCC_WARN_64_TO_32_BIT_CONVERSION = YES;
				GCC_WARN_ABOUT_RETURN_TYPE = YES_ERROR;
				GCC_WARN_UNDECLARED_SELECTOR = YES;
				GCC_WARN_UNINITIALIZED_AUTOS = YES_AGGRESSIVE;
				GCC_WARN_UNUSED_FUNCTION = YES;
				GCC_WARN_UNUSED_VARIABLE = YES;
				IPHONEOS_DEPLOYMENT_TARGET = 8.1;
				MTL_ENABLE_DEBUG_INFO = YES;
				ONLY_ACTIVE_ARCH = YES;
				SDKROOT = iphoneos;
				SWIFT_OPTIMIZATION_LEVEL = "-Onone";
				TARGETED_DEVICE_FAMILY = "1,2";
			};
			name = Debug;
		};
		FB0192E31A16270A00376745 /* Release */ = {
			isa = XCBuildConfiguration;
			buildSettings = {
				ALWAYS_SEARCH_USER_PATHS = NO;
				CLANG_CXX_LANGUAGE_STANDARD = "gnu++0x";
				CLANG_CXX_LIBRARY = "libc++";
				CLANG_ENABLE_MODULES = YES;
				CLANG_ENABLE_OBJC_ARC = YES;
				CLANG_WARN_BOOL_CONVERSION = YES;
				CLANG_WARN_CONSTANT_CONVERSION = YES;
				CLANG_WARN_DIRECT_OBJC_ISA_USAGE = YES_ERROR;
				CLANG_WARN_EMPTY_BODY = YES;
				CLANG_WARN_ENUM_CONVERSION = YES;
				CLANG_WARN_INT_CONVERSION = YES;
				CLANG_WARN_OBJC_ROOT_CLASS = YES_ERROR;
				CLANG_WARN_UNREACHABLE_CODE = YES;
				CLANG_WARN__DUPLICATE_METHOD_MATCH = YES;
				"CODE_SIGN_IDENTITY[sdk=iphoneos*]" = "iPhone Developer";
				COPY_PHASE_STRIP = YES;
				ENABLE_NS_ASSERTIONS = NO;
				ENABLE_STRICT_OBJC_MSGSEND = YES;
				GCC_C_LANGUAGE_STANDARD = gnu99;
				GCC_WARN_64_TO_32_BIT_CONVERSION = YES;
				GCC_WARN_ABOUT_RETURN_TYPE = YES_ERROR;
				GCC_WARN_UNDECLARED_SELECTOR = YES;
				GCC_WARN_UNINITIALIZED_AUTOS = YES_AGGRESSIVE;
				GCC_WARN_UNUSED_FUNCTION = YES;
				GCC_WARN_UNUSED_VARIABLE = YES;
				IPHONEOS_DEPLOYMENT_TARGET = 8.1;
				MTL_ENABLE_DEBUG_INFO = NO;
				SDKROOT = iphoneos;
				TARGETED_DEVICE_FAMILY = "1,2";
				VALIDATE_PRODUCT = YES;
			};
			name = Release;
		};
		FB0192E51A16270A00376745 /* Debug */ = {
			isa = XCBuildConfiguration;
			buildSettings = {
				ASSETCATALOG_COMPILER_APPICON_NAME = AppIcon;
				INFOPLIST_FILE = 99RedBalloons/Info.plist;
				LD_RUNPATH_SEARCH_PATHS = "$(inherited) @executable_path/Frameworks";
				PRODUCT_NAME = "$(TARGET_NAME)";
			};
			name = Debug;
		};
		FB0192E61A16270A00376745 /* Release */ = {
			isa = XCBuildConfiguration;
			buildSettings = {
				ASSETCATALOG_COMPILER_APPICON_NAME = AppIcon;
				INFOPLIST_FILE = 99RedBalloons/Info.plist;
				LD_RUNPATH_SEARCH_PATHS = "$(inherited) @executable_path/Frameworks";
				PRODUCT_NAME = "$(TARGET_NAME)";
			};
			name = Release;
		};
		FB0192E81A16270A00376745 /* Debug */ = {
			isa = XCBuildConfiguration;
			buildSettings = {
				BUNDLE_LOADER = "$(TEST_HOST)";
				FRAMEWORK_SEARCH_PATHS = (
					"$(SDKROOT)/Developer/Library/Frameworks",
					"$(inherited)",
				);
				GCC_PREPROCESSOR_DEFINITIONS = (
					"DEBUG=1",
					"$(inherited)",
				);
				INFOPLIST_FILE = 99RedBalloonsTests/Info.plist;
				LD_RUNPATH_SEARCH_PATHS = "$(inherited) @executable_path/Frameworks @loader_path/Frameworks";
				PRODUCT_NAME = "$(TARGET_NAME)";
				TEST_HOST = "$(BUILT_PRODUCTS_DIR)/99RedBalloons.app/99RedBalloons";
			};
			name = Debug;
		};
		FB0192E91A16270A00376745 /* Release */ = {
			isa = XCBuildConfiguration;
			buildSettings = {
				BUNDLE_LOADER = "$(TEST_HOST)";
				FRAMEWORK_SEARCH_PATHS = (
					"$(SDKROOT)/Developer/Library/Frameworks",
					"$(inherited)",
				);
				INFOPLIST_FILE = 99RedBalloonsTests/Info.plist;
				LD_RUNPATH_SEARCH_PATHS = "$(inherited) @executable_path/Frameworks @loader_path/Frameworks";
				PRODUCT_NAME = "$(TARGET_NAME)";
				TEST_HOST = "$(BUILT_PRODUCTS_DIR)/99RedBalloons.app/99RedBalloons";
			};
			name = Release;
		};
/* End XCBuildConfiguration section */

/* Begin XCConfigurationList section */
		FB0192C01A16270A00376745 /* Build configuration list for PBXProject "99RedBalloons" */ = {
			isa = XCConfigurationList;
			buildConfigurations = (
				FB0192E21A16270A00376745 /* Debug */,
				FB0192E31A16270A00376745 /* Release */,
			);
			defaultConfigurationIsVisible = 0;
			defaultConfigurationName = Release;
		};
		FB0192E41A16270A00376745 /* Build configuration list for PBXNativeTarget "99RedBalloons" */ = {
			isa = XCConfigurationList;
			buildConfigurations = (
				FB0192E51A16270A00376745 /* Debug */,
				FB0192E61A16270A00376745 /* Release */,
			);
			defaultConfigurationIsVisible = 0;
		};
		FB0192E71A16270A00376745 /* Build configuration list for PBXNativeTarget "99RedBalloonsTests" */ = {
			isa = XCConfigurationList;
			buildConfigurations = (
				FB0192E81A16270A00376745 /* Debug */,
				FB0192E91A16270A00376745 /* Release */,
			);
			defaultConfigurationIsVisible = 0;
		};
/* End XCConfigurationList section */
	};
	rootObject = FB0192BD1A16270A00376745 /* Project object */;
}
